
Microsoft Visual Studio Solution File, Format Version 12.00
Project("{FAE04EC0-301F-11D3-BF4B-00C04F79EFBC}") = "CSharp_lab1", "CSharp_lab1\CSharp_lab1.csproj", "{662D1AB4-6532-416E-AD5D-89E8DAE940E4}"
EndProject
Global
	GlobalSection(SolutionConfigurationPlatforms) = preSolution
		Debug|Any CPU = Debug|Any CPU
		Release|Any CPU = Release|Any CPU
	EndGlobalSection
	GlobalSection(ProjectConfigurationPlatforms) = postSolution
		{662D1AB4-6532-416E-AD5D-89E8DAE940E4}.Debug|Any CPU.ActiveCfg = Debug|Any CPU
		{662D1AB4-6532-416E-AD5D-89E8DAE940E4}.Debug|Any CPU.Build.0 = Debug|Any CPU
		{662D1AB4-6532-416E-AD5D-89E8DAE940E4}.Release|Any CPU.ActiveCfg = Release|Any CPU
		{662D1AB4-6532-416E-AD5D-89E8DAE940E4}.Release|Any CPU.Build.0 = Release|Any CPU
	EndGlobalSection
EndGlobal
